// !$*UTF8*$!
{
	archiveVersion = 1;
	classes = {
	};
	objectVersion = 51;
	objects = {

/* Begin PBXBuildFile section */
		2A4819B2F4D722DEFFAA496F /* Pods_MyHealthAppTests.framework in Frameworks */ = {isa = PBXBuildFile; fileRef = 42D034945E31454AA14D11D3 /* Pods_MyHealthAppTests.framework */; };
		5CF18DEA1EE30DF39E923976 /* Pods_MyHealthApp.framework in Frameworks */ = {isa = PBXBuildFile; fileRef = CBE79EE9D6842C46F5624BBB /* Pods_MyHealthApp.framework */; };
		6A3B39A7233C3280009A891A /* VDPViewController.swift in Sources */ = {isa = PBXBuildFile; fileRef = 6A3B39A5233C3280009A891A /* VDPViewController.swift */; };
		6A3B39A8233C3280009A891A /* VDPViewController.xib in Resources */ = {isa = PBXBuildFile; fileRef = 6A3B39A6233C3280009A891A /* VDPViewController.xib */; };
		6A3B39AA233C3292009A891A /* VDPPresenter.swift in Sources */ = {isa = PBXBuildFile; fileRef = 6A3B39A9233C3292009A891A /* VDPPresenter.swift */; };
		6A64572D230DEFBF009055F5 /* candfTests.swift in Sources */ = {isa = PBXBuildFile; fileRef = 6A64572C230DEFBF009055F5 /* candfTests.swift */; };
		6A76FC9023394B0A005BBF75 /* RegisterPresenter.swift in Sources */ = {isa = PBXBuildFile; fileRef = 6A76FC8F23394B0A005BBF75 /* RegisterPresenter.swift */; };
		6A76FC9723396BF3005BBF75 /* InputValidator.swift in Sources */ = {isa = PBXBuildFile; fileRef = 6A76FC9223396BF3005BBF75 /* InputValidator.swift */; };
		6A76FC9823396BF3005BBF75 /* EmailInputValidator.swift in Sources */ = {isa = PBXBuildFile; fileRef = 6A76FC9323396BF3005BBF75 /* EmailInputValidator.swift */; };
		6A76FC9923396BF3005BBF75 /* PasswordInputValidator.swift in Sources */ = {isa = PBXBuildFile; fileRef = 6A76FC9423396BF3005BBF75 /* PasswordInputValidator.swift */; };
		6A76FC9D23396C39005BBF75 /* IdValidator.swift in Sources */ = {isa = PBXBuildFile; fileRef = 6A76FC9C23396C39005BBF75 /* IdValidator.swift */; };
		6A76FC9F23396C63005BBF75 /* NameValidator.swift in Sources */ = {isa = PBXBuildFile; fileRef = 6A76FC9E23396C63005BBF75 /* NameValidator.swift */; };
		6ACBD32B234A7DD4004C7D61 /* HomeRouter.swift in Sources */ = {isa = PBXBuildFile; fileRef = 6ACBD32A234A7DD4004C7D61 /* HomeRouter.swift */; };
		6ACBD32D234A88F9004C7D61 /* Specialty.swift in Sources */ = {isa = PBXBuildFile; fileRef = 6ACBD32C234A88F9004C7D61 /* Specialty.swift */; };
		6ACBD32F234A8BB7004C7D61 /* Specialities.swift in Sources */ = {isa = PBXBuildFile; fileRef = 6ACBD32E234A8BB7004C7D61 /* Specialities.swift */; };
		6ACBD333234A921E004C7D61 /* VDPService.swift in Sources */ = {isa = PBXBuildFile; fileRef = 6ACBD332234A921E004C7D61 /* VDPService.swift */; };
		6ACBD335234A9249004C7D61 /* Authorization.swift in Sources */ = {isa = PBXBuildFile; fileRef = 6ACBD334234A9249004C7D61 /* Authorization.swift */; };
		6ACBD337234A95AE004C7D61 /* MyHealthAppActivityIndicator.swift in Sources */ = {isa = PBXBuildFile; fileRef = 6ACBD336234A95AE004C7D61 /* MyHealthAppActivityIndicator.swift */; };
		6ACBD339234AA714004C7D61 /* CurrentUser.swift in Sources */ = {isa = PBXBuildFile; fileRef = 6ACBD338234AA713004C7D61 /* CurrentUser.swift */; };
		6ACBD33F234AB39A004C7D61 /* VDPRouter.swift in Sources */ = {isa = PBXBuildFile; fileRef = 6ACBD33E234AB39A004C7D61 /* VDPRouter.swift */; };
		6ACBD346234AC868004C7D61 /* MyAccountRouter.swift in Sources */ = {isa = PBXBuildFile; fileRef = 6ACBD345234AC867004C7D61 /* MyAccountRouter.swift */; };
		6ACCB15A232EAD040060A340 /* Assets.xcassets in Resources */ = {isa = PBXBuildFile; fileRef = 6ACCB13C232EAD040060A340 /* Assets.xcassets */; };
		6ACCB15C232EAD040060A340 /* LaunchScreen.storyboard in Resources */ = {isa = PBXBuildFile; fileRef = 6ACCB140232EAD040060A340 /* LaunchScreen.storyboard */; };
		6ACCB15D232EAD040060A340 /* HomePresenter.swift in Sources */ = {isa = PBXBuildFile; fileRef = 6ACCB144232EAD040060A340 /* HomePresenter.swift */; };
		6ACCB15E232EAD040060A340 /* AppDelegate.swift in Sources */ = {isa = PBXBuildFile; fileRef = 6ACCB145232EAD040060A340 /* AppDelegate.swift */; };
		6ACCB15F232EAD040060A340 /* HomeViewController.xib in Resources */ = {isa = PBXBuildFile; fileRef = 6ACCB148232EAD040060A340 /* HomeViewController.xib */; };
		6ACCB160232EAD040060A340 /* HomeViewController.swift in Sources */ = {isa = PBXBuildFile; fileRef = 6ACCB149232EAD040060A340 /* HomeViewController.swift */; };
		6ACCB161232EAD040060A340 /* ViewController.swift in Sources */ = {isa = PBXBuildFile; fileRef = 6ACCB14B232EAD040060A340 /* ViewController.swift */; };
		6ACCB163232EAD040060A340 /* HomeService.swift in Sources */ = {isa = PBXBuildFile; fileRef = 6ACCB14F232EAD040060A340 /* HomeService.swift */; };
		6ACCB167232EAD040060A340 /* LoginRemoteService.swift in Sources */ = {isa = PBXBuildFile; fileRef = 6ACCB157232EAD040060A340 /* LoginRemoteService.swift */; };
		6ACCB168232EAD040060A340 /* Service.swift in Sources */ = {isa = PBXBuildFile; fileRef = 6ACCB159232EAD040060A340 /* Service.swift */; };
		6ACCB16F232EAF280060A340 /* LoginViewController.swift in Sources */ = {isa = PBXBuildFile; fileRef = 6ACCB16D232EAF280060A340 /* LoginViewController.swift */; };
		6ACCB170232EAF280060A340 /* LoginViewController.xib in Resources */ = {isa = PBXBuildFile; fileRef = 6ACCB16E232EAF280060A340 /* LoginViewController.xib */; };
		6ACCB172232EB1E70060A340 /* LoginPresenter.swift in Sources */ = {isa = PBXBuildFile; fileRef = 6ACCB171232EB1E70060A340 /* LoginPresenter.swift */; };
		6ACCB176232EBB3A0060A340 /* LoginRouter.swift in Sources */ = {isa = PBXBuildFile; fileRef = 6ACCB175232EBB3A0060A340 /* LoginRouter.swift */; };
		6ACCB179232EC01C0060A340 /* User.swift in Sources */ = {isa = PBXBuildFile; fileRef = 6ACCB178232EC01C0060A340 /* User.swift */; };
		6ACCB17C232EC23B0060A340 /* HealthProvider.swift in Sources */ = {isa = PBXBuildFile; fileRef = 6ACCB17B232EC23B0060A340 /* HealthProvider.swift */; };
		6ACCB180232ECD590060A340 /* RegisterRouter.swift in Sources */ = {isa = PBXBuildFile; fileRef = 6ACCB17F232ECD590060A340 /* RegisterRouter.swift */; };
		6ACCB183232FFEF40060A340 /* RegisterViewController.swift in Sources */ = {isa = PBXBuildFile; fileRef = 6ACCB181232FFEF40060A340 /* RegisterViewController.swift */; };
		6ACCB184232FFEF40060A340 /* RegisterViewController.xib in Resources */ = {isa = PBXBuildFile; fileRef = 6ACCB182232FFEF40060A340 /* RegisterViewController.xib */; };
		6AEDE200234AC91200BDE107 /* MyAccountViewController.xib in Resources */ = {isa = PBXBuildFile; fileRef = 6AEDE1FE234AC91200BDE107 /* MyAccountViewController.xib */; };
		6AEDE201234AC91200BDE107 /* MyAccountViewController.swift in Sources */ = {isa = PBXBuildFile; fileRef = 6AEDE1FF234AC91200BDE107 /* MyAccountViewController.swift */; };
		6AEDE206234AC94100BDE107 /* MyAccountPresenter.swift in Sources */ = {isa = PBXBuildFile; fileRef = 6AEDE205234AC94100BDE107 /* MyAccountPresenter.swift */; };
		6AEDE20D234ADB4600BDE107 /* MyAuthorizationsRouter.swift in Sources */ = {isa = PBXBuildFile; fileRef = 6AEDE20C234ADB4600BDE107 /* MyAuthorizationsRouter.swift */; };
		6AEDE210234ADBAC00BDE107 /* MyAuthorizationsViewController.swift in Sources */ = {isa = PBXBuildFile; fileRef = 6AEDE20E234ADBAC00BDE107 /* MyAuthorizationsViewController.swift */; };
		6AEDE211234ADBAC00BDE107 /* MyAuthorizationsViewController.xib in Resources */ = {isa = PBXBuildFile; fileRef = 6AEDE20F234ADBAC00BDE107 /* MyAuthorizationsViewController.xib */; };
		6AEDE213234ADC1A00BDE107 /* MyAuthorizationsPresenter.swift in Sources */ = {isa = PBXBuildFile; fileRef = 6AEDE212234ADC1A00BDE107 /* MyAuthorizationsPresenter.swift */; };
		6AEDE215234ADC4400BDE107 /* MyAuthorizationsService.swift in Sources */ = {isa = PBXBuildFile; fileRef = 6AEDE214234ADC4400BDE107 /* MyAuthorizationsService.swift */; };
/* End PBXBuildFile section */

/* Begin PBXContainerItemProxy section */
		6A645729230DEFBF009055F5 /* PBXContainerItemProxy */ = {
			isa = PBXContainerItemProxy;
			containerPortal = 6A64570C230DEFBE009055F5 /* Project object */;
			proxyType = 1;
			remoteGlobalIDString = 6A645713230DEFBE009055F5;
			remoteInfo = candf;
		};
/* End PBXContainerItemProxy section */

/* Begin PBXFileReference section */
		2059559F5A17869CE123F565 /* Pods-MyHealthAppTests.release.xcconfig */ = {isa = PBXFileReference; includeInIndex = 1; lastKnownFileType = text.xcconfig; name = "Pods-MyHealthAppTests.release.xcconfig"; path = "Target Support Files/Pods-MyHealthAppTests/Pods-MyHealthAppTests.release.xcconfig"; sourceTree = "<group>"; };
		42D034945E31454AA14D11D3 /* Pods_MyHealthAppTests.framework */ = {isa = PBXFileReference; explicitFileType = wrapper.framework; includeInIndex = 0; path = Pods_MyHealthAppTests.framework; sourceTree = BUILT_PRODUCTS_DIR; };
		5623F511A5808B42C20BC011 /* Pods-MyHealthApp.release.xcconfig */ = {isa = PBXFileReference; includeInIndex = 1; lastKnownFileType = text.xcconfig; name = "Pods-MyHealthApp.release.xcconfig"; path = "Target Support Files/Pods-MyHealthApp/Pods-MyHealthApp.release.xcconfig"; sourceTree = "<group>"; };
		6311DA7003EB43DAF55AB46E /* Pods-candfTests.debug.xcconfig */ = {isa = PBXFileReference; includeInIndex = 1; lastKnownFileType = text.xcconfig; name = "Pods-candfTests.debug.xcconfig"; path = "Target Support Files/Pods-candfTests/Pods-candfTests.debug.xcconfig"; sourceTree = "<group>"; };
		6A3B39A5233C3280009A891A /* VDPViewController.swift */ = {isa = PBXFileReference; lastKnownFileType = sourcecode.swift; path = VDPViewController.swift; sourceTree = "<group>"; };
		6A3B39A6233C3280009A891A /* VDPViewController.xib */ = {isa = PBXFileReference; lastKnownFileType = file.xib; path = VDPViewController.xib; sourceTree = "<group>"; };
		6A3B39A9233C3292009A891A /* VDPPresenter.swift */ = {isa = PBXFileReference; lastKnownFileType = sourcecode.swift; path = VDPPresenter.swift; sourceTree = "<group>"; };
		6A645714230DEFBE009055F5 /* MyHealthApp.app */ = {isa = PBXFileReference; explicitFileType = wrapper.application; includeInIndex = 0; path = MyHealthApp.app; sourceTree = BUILT_PRODUCTS_DIR; };
		6A645728230DEFBF009055F5 /* MyHealthAppTests.xctest */ = {isa = PBXFileReference; explicitFileType = wrapper.cfbundle; includeInIndex = 0; path = MyHealthAppTests.xctest; sourceTree = BUILT_PRODUCTS_DIR; };
		6A64572C230DEFBF009055F5 /* candfTests.swift */ = {isa = PBXFileReference; lastKnownFileType = sourcecode.swift; path = candfTests.swift; sourceTree = "<group>"; };
		6A64572E230DEFBF009055F5 /* Info.plist */ = {isa = PBXFileReference; lastKnownFileType = text.plist.xml; path = Info.plist; sourceTree = "<group>"; };
		6A76FC8F23394B0A005BBF75 /* RegisterPresenter.swift */ = {isa = PBXFileReference; lastKnownFileType = sourcecode.swift; path = RegisterPresenter.swift; sourceTree = "<group>"; };
		6A76FC9223396BF3005BBF75 /* InputValidator.swift */ = {isa = PBXFileReference; fileEncoding = 4; lastKnownFileType = sourcecode.swift; path = InputValidator.swift; sourceTree = "<group>"; };
		6A76FC9323396BF3005BBF75 /* EmailInputValidator.swift */ = {isa = PBXFileReference; fileEncoding = 4; lastKnownFileType = sourcecode.swift; path = EmailInputValidator.swift; sourceTree = "<group>"; };
		6A76FC9423396BF3005BBF75 /* PasswordInputValidator.swift */ = {isa = PBXFileReference; fileEncoding = 4; lastKnownFileType = sourcecode.swift; path = PasswordInputValidator.swift; sourceTree = "<group>"; };
		6A76FC9C23396C39005BBF75 /* IdValidator.swift */ = {isa = PBXFileReference; lastKnownFileType = sourcecode.swift; path = IdValidator.swift; sourceTree = "<group>"; };
		6A76FC9E23396C63005BBF75 /* NameValidator.swift */ = {isa = PBXFileReference; lastKnownFileType = sourcecode.swift; path = NameValidator.swift; sourceTree = "<group>"; };
		6ACBD32A234A7DD4004C7D61 /* HomeRouter.swift */ = {isa = PBXFileReference; lastKnownFileType = sourcecode.swift; path = HomeRouter.swift; sourceTree = "<group>"; };
		6ACBD32C234A88F9004C7D61 /* Specialty.swift */ = {isa = PBXFileReference; lastKnownFileType = sourcecode.swift; path = Specialty.swift; sourceTree = "<group>"; };
		6ACBD32E234A8BB7004C7D61 /* Specialities.swift */ = {isa = PBXFileReference; lastKnownFileType = sourcecode.swift; path = Specialities.swift; sourceTree = "<group>"; };
		6ACBD332234A921E004C7D61 /* VDPService.swift */ = {isa = PBXFileReference; lastKnownFileType = sourcecode.swift; path = VDPService.swift; sourceTree = "<group>"; };
		6ACBD334234A9249004C7D61 /* Authorization.swift */ = {isa = PBXFileReference; lastKnownFileType = sourcecode.swift; path = Authorization.swift; sourceTree = "<group>"; };
		6ACBD336234A95AE004C7D61 /* MyHealthAppActivityIndicator.swift */ = {isa = PBXFileReference; fileEncoding = 4; lastKnownFileType = sourcecode.swift; path = MyHealthAppActivityIndicator.swift; sourceTree = "<group>"; };
		6ACBD338234AA713004C7D61 /* CurrentUser.swift */ = {isa = PBXFileReference; fileEncoding = 4; lastKnownFileType = sourcecode.swift; path = CurrentUser.swift; sourceTree = "<group>"; };
		6ACBD33E234AB39A004C7D61 /* VDPRouter.swift */ = {isa = PBXFileReference; lastKnownFileType = sourcecode.swift; path = VDPRouter.swift; sourceTree = "<group>"; };
		6ACBD345234AC867004C7D61 /* MyAccountRouter.swift */ = {isa = PBXFileReference; fileEncoding = 4; lastKnownFileType = sourcecode.swift; path = MyAccountRouter.swift; sourceTree = "<group>"; };
		6ACCB13C232EAD040060A340 /* Assets.xcassets */ = {isa = PBXFileReference; lastKnownFileType = folder.assetcatalog; path = Assets.xcassets; sourceTree = "<group>"; };
		6ACCB141232EAD040060A340 /* Base */ = {isa = PBXFileReference; lastKnownFileType = file.storyboard; name = Base; path = Base.lproj/LaunchScreen.storyboard; sourceTree = "<group>"; };
		6ACCB144232EAD040060A340 /* HomePresenter.swift */ = {isa = PBXFileReference; fileEncoding = 4; lastKnownFileType = sourcecode.swift; path = HomePresenter.swift; sourceTree = "<group>"; };
		6ACCB145232EAD040060A340 /* AppDelegate.swift */ = {isa = PBXFileReference; fileEncoding = 4; lastKnownFileType = sourcecode.swift; path = AppDelegate.swift; sourceTree = "<group>"; };
		6ACCB148232EAD040060A340 /* HomeViewController.xib */ = {isa = PBXFileReference; fileEncoding = 4; lastKnownFileType = file.xib; path = HomeViewController.xib; sourceTree = "<group>"; };
		6ACCB149232EAD040060A340 /* HomeViewController.swift */ = {isa = PBXFileReference; fileEncoding = 4; lastKnownFileType = sourcecode.swift; path = HomeViewController.swift; sourceTree = "<group>"; };
		6ACCB14B232EAD040060A340 /* ViewController.swift */ = {isa = PBXFileReference; fileEncoding = 4; lastKnownFileType = sourcecode.swift; path = ViewController.swift; sourceTree = "<group>"; };
		6ACCB14C232EAD040060A340 /* Info.plist */ = {isa = PBXFileReference; fileEncoding = 4; lastKnownFileType = text.plist.xml; path = Info.plist; sourceTree = "<group>"; };
		6ACCB14F232EAD040060A340 /* HomeService.swift */ = {isa = PBXFileReference; fileEncoding = 4; lastKnownFileType = sourcecode.swift; path = HomeService.swift; sourceTree = "<group>"; };
		6ACCB157232EAD040060A340 /* LoginRemoteService.swift */ = {isa = PBXFileReference; fileEncoding = 4; lastKnownFileType = sourcecode.swift; path = LoginRemoteService.swift; sourceTree = "<group>"; };
		6ACCB159232EAD040060A340 /* Service.swift */ = {isa = PBXFileReference; fileEncoding = 4; lastKnownFileType = sourcecode.swift; path = Service.swift; sourceTree = "<group>"; };
		6ACCB16D232EAF280060A340 /* LoginViewController.swift */ = {isa = PBXFileReference; lastKnownFileType = sourcecode.swift; path = LoginViewController.swift; sourceTree = "<group>"; };
		6ACCB16E232EAF280060A340 /* LoginViewController.xib */ = {isa = PBXFileReference; lastKnownFileType = file.xib; path = LoginViewController.xib; sourceTree = "<group>"; };
		6ACCB171232EB1E70060A340 /* LoginPresenter.swift */ = {isa = PBXFileReference; lastKnownFileType = sourcecode.swift; path = LoginPresenter.swift; sourceTree = "<group>"; };
		6ACCB175232EBB3A0060A340 /* LoginRouter.swift */ = {isa = PBXFileReference; lastKnownFileType = sourcecode.swift; path = LoginRouter.swift; sourceTree = "<group>"; };
		6ACCB178232EC01C0060A340 /* User.swift */ = {isa = PBXFileReference; lastKnownFileType = sourcecode.swift; path = User.swift; sourceTree = "<group>"; };
		6ACCB17B232EC23B0060A340 /* HealthProvider.swift */ = {isa = PBXFileReference; fileEncoding = 4; lastKnownFileType = sourcecode.swift; path = HealthProvider.swift; sourceTree = "<group>"; };
		6ACCB17F232ECD590060A340 /* RegisterRouter.swift */ = {isa = PBXFileReference; lastKnownFileType = sourcecode.swift; path = RegisterRouter.swift; sourceTree = "<group>"; };
		6ACCB181232FFEF40060A340 /* RegisterViewController.swift */ = {isa = PBXFileReference; lastKnownFileType = sourcecode.swift; path = RegisterViewController.swift; sourceTree = "<group>"; };
		6ACCB182232FFEF40060A340 /* RegisterViewController.xib */ = {isa = PBXFileReference; lastKnownFileType = file.xib; path = RegisterViewController.xib; sourceTree = "<group>"; };
		6AEDE1FE234AC91200BDE107 /* MyAccountViewController.xib */ = {isa = PBXFileReference; fileEncoding = 4; lastKnownFileType = file.xib; path = MyAccountViewController.xib; sourceTree = "<group>"; };
		6AEDE1FF234AC91200BDE107 /* MyAccountViewController.swift */ = {isa = PBXFileReference; fileEncoding = 4; lastKnownFileType = sourcecode.swift; path = MyAccountViewController.swift; sourceTree = "<group>"; };
		6AEDE205234AC94100BDE107 /* MyAccountPresenter.swift */ = {isa = PBXFileReference; fileEncoding = 4; lastKnownFileType = sourcecode.swift; path = MyAccountPresenter.swift; sourceTree = "<group>"; };
		6AEDE20C234ADB4600BDE107 /* MyAuthorizationsRouter.swift */ = {isa = PBXFileReference; lastKnownFileType = sourcecode.swift; path = MyAuthorizationsRouter.swift; sourceTree = "<group>"; };
		6AEDE20E234ADBAC00BDE107 /* MyAuthorizationsViewController.swift */ = {isa = PBXFileReference; lastKnownFileType = sourcecode.swift; path = MyAuthorizationsViewController.swift; sourceTree = "<group>"; };
		6AEDE20F234ADBAC00BDE107 /* MyAuthorizationsViewController.xib */ = {isa = PBXFileReference; lastKnownFileType = file.xib; path = MyAuthorizationsViewController.xib; sourceTree = "<group>"; };
		6AEDE212234ADC1A00BDE107 /* MyAuthorizationsPresenter.swift */ = {isa = PBXFileReference; lastKnownFileType = sourcecode.swift; path = MyAuthorizationsPresenter.swift; sourceTree = "<group>"; };
		6AEDE214234ADC4400BDE107 /* MyAuthorizationsService.swift */ = {isa = PBXFileReference; lastKnownFileType = sourcecode.swift; path = MyAuthorizationsService.swift; sourceTree = "<group>"; };
		830B7DF8966EFD2063A0CDCF /* Pods-MyHealthAppTests.debug.xcconfig */ = {isa = PBXFileReference; includeInIndex = 1; lastKnownFileType = text.xcconfig; name = "Pods-MyHealthAppTests.debug.xcconfig"; path = "Target Support Files/Pods-MyHealthAppTests/Pods-MyHealthAppTests.debug.xcconfig"; sourceTree = "<group>"; };
		CBE79EE9D6842C46F5624BBB /* Pods_MyHealthApp.framework */ = {isa = PBXFileReference; explicitFileType = wrapper.framework; includeInIndex = 0; path = Pods_MyHealthApp.framework; sourceTree = BUILT_PRODUCTS_DIR; };
		D8859EE00BC31D4CF274B54F /* Pods-candf.debug.xcconfig */ = {isa = PBXFileReference; includeInIndex = 1; lastKnownFileType = text.xcconfig; name = "Pods-candf.debug.xcconfig"; path = "Target Support Files/Pods-candf/Pods-candf.debug.xcconfig"; sourceTree = "<group>"; };
		E8C00FFC09B944A3394ED9D0 /* Pods-candf.release.xcconfig */ = {isa = PBXFileReference; includeInIndex = 1; lastKnownFileType = text.xcconfig; name = "Pods-candf.release.xcconfig"; path = "Target Support Files/Pods-candf/Pods-candf.release.xcconfig"; sourceTree = "<group>"; };
		F605D49BF5E0319EF5F1E808 /* Pods-candfTests.release.xcconfig */ = {isa = PBXFileReference; includeInIndex = 1; lastKnownFileType = text.xcconfig; name = "Pods-candfTests.release.xcconfig"; path = "Target Support Files/Pods-candfTests/Pods-candfTests.release.xcconfig"; sourceTree = "<group>"; };
		FF80B0B98BA7987742F173E4 /* Pods-MyHealthApp.debug.xcconfig */ = {isa = PBXFileReference; includeInIndex = 1; lastKnownFileType = text.xcconfig; name = "Pods-MyHealthApp.debug.xcconfig"; path = "Target Support Files/Pods-MyHealthApp/Pods-MyHealthApp.debug.xcconfig"; sourceTree = "<group>"; };
/* End PBXFileReference section */

/* Begin PBXFrameworksBuildPhase section */
		6A645711230DEFBE009055F5 /* Frameworks */ = {
			isa = PBXFrameworksBuildPhase;
			buildActionMask = 2147483647;
			files = (
				5CF18DEA1EE30DF39E923976 /* Pods_MyHealthApp.framework in Frameworks */,
			);
			runOnlyForDeploymentPostprocessing = 0;
		};
		6A645725230DEFBF009055F5 /* Frameworks */ = {
			isa = PBXFrameworksBuildPhase;
			buildActionMask = 2147483647;
			files = (
				2A4819B2F4D722DEFFAA496F /* Pods_MyHealthAppTests.framework in Frameworks */,
			);
			runOnlyForDeploymentPostprocessing = 0;
		};
/* End PBXFrameworksBuildPhase section */

/* Begin PBXGroup section */
		163C13B81AE3298E037FED68 /* Frameworks */ = {
			isa = PBXGroup;
			children = (
				CBE79EE9D6842C46F5624BBB /* Pods_MyHealthApp.framework */,
				42D034945E31454AA14D11D3 /* Pods_MyHealthAppTests.framework */,
			);
			name = Frameworks;
			sourceTree = "<group>";
		};
		5D2DAB1A312979F595C7EB2F /* Pods */ = {
			isa = PBXGroup;
			children = (
				D8859EE00BC31D4CF274B54F /* Pods-candf.debug.xcconfig */,
				E8C00FFC09B944A3394ED9D0 /* Pods-candf.release.xcconfig */,
				6311DA7003EB43DAF55AB46E /* Pods-candfTests.debug.xcconfig */,
				F605D49BF5E0319EF5F1E808 /* Pods-candfTests.release.xcconfig */,
				FF80B0B98BA7987742F173E4 /* Pods-MyHealthApp.debug.xcconfig */,
				5623F511A5808B42C20BC011 /* Pods-MyHealthApp.release.xcconfig */,
				830B7DF8966EFD2063A0CDCF /* Pods-MyHealthAppTests.debug.xcconfig */,
				2059559F5A17869CE123F565 /* Pods-MyHealthAppTests.release.xcconfig */,
			);
			path = Pods;
			sourceTree = "<group>";
		};
		6A3B39A3233C3266009A891A /* VDP */ = {
			isa = PBXGroup;
			children = (
				6A3B39A5233C3280009A891A /* VDPViewController.swift */,
				6A3B39A6233C3280009A891A /* VDPViewController.xib */,
			);
			path = VDP;
			sourceTree = "<group>";
		};
		6A3B39A4233C326F009A891A /* VDP */ = {
			isa = PBXGroup;
			children = (
				6A3B39A9233C3292009A891A /* VDPPresenter.swift */,
			);
			path = VDP;
			sourceTree = "<group>";
		};
		6A64570B230DEFBE009055F5 = {
			isa = PBXGroup;
			children = (
				6ACCB13B232EAD040060A340 /* MyHealthApp */,
				6A64572B230DEFBF009055F5 /* candfTests */,
				6A645715230DEFBE009055F5 /* Products */,
				5D2DAB1A312979F595C7EB2F /* Pods */,
				163C13B81AE3298E037FED68 /* Frameworks */,
			);
			sourceTree = "<group>";
		};
		6A645715230DEFBE009055F5 /* Products */ = {
			isa = PBXGroup;
			children = (
				6A645714230DEFBE009055F5 /* MyHealthApp.app */,
				6A645728230DEFBF009055F5 /* MyHealthAppTests.xctest */,
			);
			name = Products;
			sourceTree = "<group>";
		};
		6A64572B230DEFBF009055F5 /* candfTests */ = {
			isa = PBXGroup;
			children = (
				6A64572C230DEFBF009055F5 /* candfTests.swift */,
				6A64572E230DEFBF009055F5 /* Info.plist */,
			);
			path = candfTests;
			sourceTree = "<group>";
		};
		6A76FC9123396BF2005BBF75 /* Validator */ = {
			isa = PBXGroup;
			children = (
				6A76FC9223396BF3005BBF75 /* InputValidator.swift */,
				6A76FC9323396BF3005BBF75 /* EmailInputValidator.swift */,
				6A76FC9423396BF3005BBF75 /* PasswordInputValidator.swift */,
				6A76FC9C23396C39005BBF75 /* IdValidator.swift */,
				6A76FC9E23396C63005BBF75 /* NameValidator.swift */,
			);
			path = Validator;
			sourceTree = "<group>";
		};
		6ACBD330234A8D29004C7D61 /* VDP */ = {
			isa = PBXGroup;
			children = (
				6ACBD334234A9249004C7D61 /* Authorization.swift */,
			);
			path = VDP;
			sourceTree = "<group>";
		};
		6ACBD331234A9212004C7D61 /* VDP */ = {
			isa = PBXGroup;
			children = (
				6ACBD332234A921E004C7D61 /* VDPService.swift */,
			);
			path = VDP;
			sourceTree = "<group>";
		};
		6ACBD33D234AB38E004C7D61 /* VDP */ = {
			isa = PBXGroup;
			children = (
				6ACBD33E234AB39A004C7D61 /* VDPRouter.swift */,
			);
			path = VDP;
			sourceTree = "<group>";
		};
		6ACBD344234AC867004C7D61 /* MyAccount */ = {
			isa = PBXGroup;
			children = (
				6AEDE20B234ADB3700BDE107 /* MyAuthorizations */,
				6ACBD345234AC867004C7D61 /* MyAccountRouter.swift */,
			);
			path = MyAccount;
			sourceTree = "<group>";
		};
		6ACCB13B232EAD040060A340 /* MyHealthApp */ = {
			isa = PBXGroup;
			children = (
				6ACCB173232EBAA50060A340 /* Routers */,
				6ACCB13D232EAD040060A340 /* Models */,
				6ACCB146232EAD040060A340 /* Views */,
				6ACCB142232EAD040060A340 /* Presenters */,
				6ACCB14D232EAD040060A340 /* Services */,
				6ACCB140232EAD040060A340 /* LaunchScreen.storyboard */,
				6ACCB145232EAD040060A340 /* AppDelegate.swift */,
				6ACCB14C232EAD040060A340 /* Info.plist */,
				6ACCB13C232EAD040060A340 /* Assets.xcassets */,
			);
			path = MyHealthApp;
			sourceTree = "<group>";
		};
		6ACCB13D232EAD040060A340 /* Models */ = {
			isa = PBXGroup;
			children = (
				6ACBD330234A8D29004C7D61 /* VDP */,
				6A76FC9123396BF2005BBF75 /* Validator */,
				6ACCB17A232EC23B0060A340 /* Home */,
				6ACCB177232EC0090060A340 /* Base */,
			);
			path = Models;
			sourceTree = "<group>";
		};
		6ACCB142232EAD040060A340 /* Presenters */ = {
			isa = PBXGroup;
			children = (
				6AEDE204234AC94100BDE107 /* MyAccount */,
				6A3B39A4233C326F009A891A /* VDP */,
				6ACCB16B232EAEC60060A340 /* Login */,
				6ACCB16C232EAEC60060A340 /* Register */,
				6ACCB143232EAD040060A340 /* Home */,
			);
			path = Presenters;
			sourceTree = "<group>";
		};
		6ACCB143232EAD040060A340 /* Home */ = {
			isa = PBXGroup;
			children = (
				6ACCB144232EAD040060A340 /* HomePresenter.swift */,
			);
			path = Home;
			sourceTree = "<group>";
		};
		6ACCB146232EAD040060A340 /* Views */ = {
			isa = PBXGroup;
			children = (
				6AEDE1FD234AC91200BDE107 /* MyAccount */,
				6A3B39A3233C3266009A891A /* VDP */,
				6ACCB16A232EAEBC0060A340 /* Login */,
				6ACCB169232EAEBC0060A340 /* Register */,
				6ACCB147232EAD040060A340 /* Home */,
				6ACCB14A232EAD040060A340 /* Base */,
			);
			path = Views;
			sourceTree = "<group>";
		};
		6ACCB147232EAD040060A340 /* Home */ = {
			isa = PBXGroup;
			children = (
				6ACCB148232EAD040060A340 /* HomeViewController.xib */,
				6ACCB149232EAD040060A340 /* HomeViewController.swift */,
			);
			path = Home;
			sourceTree = "<group>";
		};
		6ACCB14A232EAD040060A340 /* Base */ = {
			isa = PBXGroup;
			children = (
				6ACBD336234A95AE004C7D61 /* MyHealthAppActivityIndicator.swift */,
				6ACCB14B232EAD040060A340 /* ViewController.swift */,
			);
			path = Base;
			sourceTree = "<group>";
		};
		6ACCB14D232EAD040060A340 /* Services */ = {
			isa = PBXGroup;
			children = (
				6AEDE208234ADB0000BDE107 /* MyAccount */,
				6ACBD331234A9212004C7D61 /* VDP */,
				6ACCB14E232EAD040060A340 /* Home */,
				6ACCB156232EAD040060A340 /* Login */,
				6ACCB158232EAD040060A340 /* Base */,
			);
			path = Services;
			sourceTree = "<group>";
		};
		6ACCB14E232EAD040060A340 /* Home */ = {
			isa = PBXGroup;
			children = (
				6ACCB14F232EAD040060A340 /* HomeService.swift */,
			);
			path = Home;
			sourceTree = "<group>";
		};
		6ACCB156232EAD040060A340 /* Login */ = {
			isa = PBXGroup;
			children = (
				6ACCB157232EAD040060A340 /* LoginRemoteService.swift */,
			);
			path = Login;
			sourceTree = "<group>";
		};
		6ACCB158232EAD040060A340 /* Base */ = {
			isa = PBXGroup;
			children = (
				6ACCB159232EAD040060A340 /* Service.swift */,
			);
			path = Base;
			sourceTree = "<group>";
		};
		6ACCB169232EAEBC0060A340 /* Register */ = {
			isa = PBXGroup;
			children = (
				6ACCB181232FFEF40060A340 /* RegisterViewController.swift */,
				6ACCB182232FFEF40060A340 /* RegisterViewController.xib */,
			);
			path = Register;
			sourceTree = "<group>";
		};
		6ACCB16A232EAEBC0060A340 /* Login */ = {
			isa = PBXGroup;
			children = (
				6ACCB16D232EAF280060A340 /* LoginViewController.swift */,
				6ACCB16E232EAF280060A340 /* LoginViewController.xib */,
			);
			path = Login;
			sourceTree = "<group>";
		};
		6ACCB16B232EAEC60060A340 /* Login */ = {
			isa = PBXGroup;
			children = (
				6ACCB171232EB1E70060A340 /* LoginPresenter.swift */,
			);
			path = Login;
			sourceTree = "<group>";
		};
		6ACCB16C232EAEC60060A340 /* Register */ = {
			isa = PBXGroup;
			children = (
				6A76FC8F23394B0A005BBF75 /* RegisterPresenter.swift */,
			);
			path = Register;
			sourceTree = "<group>";
		};
		6ACCB173232EBAA50060A340 /* Routers */ = {
			isa = PBXGroup;
			children = (
				6ACBD344234AC867004C7D61 /* MyAccount */,
				6ACBD33D234AB38E004C7D61 /* VDP */,
				6ACCB17E232ECD4C0060A340 /* Home */,
				6ACCB17D232ECD4C0060A340 /* Register */,
				6ACCB174232EBAA50060A340 /* Login */,
			);
			path = Routers;
			sourceTree = "<group>";
		};
		6ACCB174232EBAA50060A340 /* Login */ = {
			isa = PBXGroup;
			children = (
				6ACCB175232EBB3A0060A340 /* LoginRouter.swift */,
			);
			path = Login;
			sourceTree = "<group>";
		};
		6ACCB177232EC0090060A340 /* Base */ = {
			isa = PBXGroup;
			children = (
				6ACBD338234AA713004C7D61 /* CurrentUser.swift */,
				6ACCB178232EC01C0060A340 /* User.swift */,
				6ACBD32C234A88F9004C7D61 /* Specialty.swift */,
				6ACBD32E234A8BB7004C7D61 /* Specialities.swift */,
			);
			path = Base;
			sourceTree = "<group>";
		};
		6ACCB17A232EC23B0060A340 /* Home */ = {
			isa = PBXGroup;
			children = (
				6ACCB17B232EC23B0060A340 /* HealthProvider.swift */,
			);
			path = Home;
			sourceTree = "<group>";
		};
		6ACCB17D232ECD4C0060A340 /* Register */ = {
			isa = PBXGroup;
			children = (
				6ACCB17F232ECD590060A340 /* RegisterRouter.swift */,
			);
			path = Register;
			sourceTree = "<group>";
		};
		6ACCB17E232ECD4C0060A340 /* Home */ = {
			isa = PBXGroup;
			children = (
				6ACBD32A234A7DD4004C7D61 /* HomeRouter.swift */,
			);
			path = Home;
			sourceTree = "<group>";
		};
		6AEDE1FD234AC91200BDE107 /* MyAccount */ = {
			isa = PBXGroup;
			children = (
				6AEDE20A234ADB2800BDE107 /* MyAuthorizations */,
				6AEDE1FE234AC91200BDE107 /* MyAccountViewController.xib */,
				6AEDE1FF234AC91200BDE107 /* MyAccountViewController.swift */,
			);
			path = MyAccount;
			sourceTree = "<group>";
		};
		6AEDE204234AC94100BDE107 /* MyAccount */ = {
			isa = PBXGroup;
			children = (
				6AEDE207234ADAF600BDE107 /* MyAuthorizations */,
				6AEDE205234AC94100BDE107 /* MyAccountPresenter.swift */,
			);
			path = MyAccount;
			sourceTree = "<group>";
		};
		6AEDE207234ADAF600BDE107 /* MyAuthorizations */ = {
			isa = PBXGroup;
			children = (
				6AEDE212234ADC1A00BDE107 /* MyAuthorizationsPresenter.swift */,
			);
			path = MyAuthorizations;
			sourceTree = "<group>";
		};
		6AEDE208234ADB0000BDE107 /* MyAccount */ = {
			isa = PBXGroup;
			children = (
				6AEDE209234ADB0000BDE107 /* MyAuthorizarions */,
			);
			path = MyAccount;
			sourceTree = "<group>";
		};
		6AEDE209234ADB0000BDE107 /* MyAuthorizarions */ = {
			isa = PBXGroup;
			children = (
				6AEDE214234ADC4400BDE107 /* MyAuthorizationsService.swift */,
			);
			path = MyAuthorizarions;
			sourceTree = "<group>";
		};
		6AEDE20A234ADB2800BDE107 /* MyAuthorizations */ = {
			isa = PBXGroup;
			children = (
				6AEDE20E234ADBAC00BDE107 /* MyAuthorizationsViewController.swift */,
				6AEDE20F234ADBAC00BDE107 /* MyAuthorizationsViewController.xib */,
			);
			path = MyAuthorizations;
			sourceTree = "<group>";
		};
		6AEDE20B234ADB3700BDE107 /* MyAuthorizations */ = {
			isa = PBXGroup;
			children = (
				6AEDE20C234ADB4600BDE107 /* MyAuthorizationsRouter.swift */,
			);
			path = MyAuthorizations;
			sourceTree = "<group>";
		};
/* End PBXGroup section */

/* Begin PBXNativeTarget section */
		6A645713230DEFBE009055F5 /* MyHealthApp */ = {
			isa = PBXNativeTarget;
			buildConfigurationList = 6A645731230DEFBF009055F5 /* Build configuration list for PBXNativeTarget "MyHealthApp" */;
			buildPhases = (
				4B0DF50663498A8A06D549D9 /* [CP] Check Pods Manifest.lock */,
				6A645710230DEFBE009055F5 /* Sources */,
				6A645711230DEFBE009055F5 /* Frameworks */,
				6A645712230DEFBE009055F5 /* Resources */,
				AFCFBAC37E85532BD01CF4A9 /* [CP] Embed Pods Frameworks */,
			);
			buildRules = (
			);
			dependencies = (
			);
			name = MyHealthApp;
			productName = candf;
			productReference = 6A645714230DEFBE009055F5 /* MyHealthApp.app */;
			productType = "com.apple.product-type.application";
		};
		6A645727230DEFBF009055F5 /* MyHealthAppTests */ = {
			isa = PBXNativeTarget;
			buildConfigurationList = 6A645734230DEFBF009055F5 /* Build configuration list for PBXNativeTarget "MyHealthAppTests" */;
			buildPhases = (
				29175C757422B50C8971368E /* [CP] Check Pods Manifest.lock */,
				6A645724230DEFBF009055F5 /* Sources */,
				6A645725230DEFBF009055F5 /* Frameworks */,
				6A645726230DEFBF009055F5 /* Resources */,
			);
			buildRules = (
			);
			dependencies = (
				6A64572A230DEFBF009055F5 /* PBXTargetDependency */,
			);
			name = MyHealthAppTests;
			productName = candfTests;
			productReference = 6A645728230DEFBF009055F5 /* MyHealthAppTests.xctest */;
			productType = "com.apple.product-type.bundle.unit-test";
		};
/* End PBXNativeTarget section */

/* Begin PBXProject section */
		6A64570C230DEFBE009055F5 /* Project object */ = {
			isa = PBXProject;
			attributes = {
				LastSwiftUpdateCheck = 1030;
				LastUpgradeCheck = 1030;
				ORGANIZATIONNAME = candf;
				TargetAttributes = {
					6A645713230DEFBE009055F5 = {
						CreatedOnToolsVersion = 10.3;
					};
					6A645727230DEFBF009055F5 = {
						CreatedOnToolsVersion = 10.3;
						TestTargetID = 6A645713230DEFBE009055F5;
					};
				};
			};
			buildConfigurationList = 6A64570F230DEFBE009055F5 /* Build configuration list for PBXProject "MyHealthApp" */;
			compatibilityVersion = "Xcode 9.3";
			developmentRegion = en;
			hasScannedForEncodings = 0;
			knownRegions = (
				en,
				Base,
			);
			mainGroup = 6A64570B230DEFBE009055F5;
			productRefGroup = 6A645715230DEFBE009055F5 /* Products */;
			projectDirPath = "";
			projectRoot = "";
			targets = (
				6A645713230DEFBE009055F5 /* MyHealthApp */,
				6A645727230DEFBF009055F5 /* MyHealthAppTests */,
			);
		};
/* End PBXProject section */

/* Begin PBXResourcesBuildPhase section */
		6A645712230DEFBE009055F5 /* Resources */ = {
			isa = PBXResourcesBuildPhase;
			buildActionMask = 2147483647;
			files = (
				6ACCB170232EAF280060A340 /* LoginViewController.xib in Resources */,
				6ACCB184232FFEF40060A340 /* RegisterViewController.xib in Resources */,
				6ACCB15A232EAD040060A340 /* Assets.xcassets in Resources */,
				6AEDE200234AC91200BDE107 /* MyAccountViewController.xib in Resources */,
				6AEDE211234ADBAC00BDE107 /* MyAuthorizationsViewController.xib in Resources */,
				6ACCB15C232EAD040060A340 /* LaunchScreen.storyboard in Resources */,
				6ACCB15F232EAD040060A340 /* HomeViewController.xib in Resources */,
				6A3B39A8233C3280009A891A /* VDPViewController.xib in Resources */,
			);
			runOnlyForDeploymentPostprocessing = 0;
		};
		6A645726230DEFBF009055F5 /* Resources */ = {
			isa = PBXResourcesBuildPhase;
			buildActionMask = 2147483647;
			files = (
			);
			runOnlyForDeploymentPostprocessing = 0;
		};
/* End PBXResourcesBuildPhase section */

/* Begin PBXShellScriptBuildPhase section */
		29175C757422B50C8971368E /* [CP] Check Pods Manifest.lock */ = {
			isa = PBXShellScriptBuildPhase;
			buildActionMask = 2147483647;
			files = (
			);
			inputFileListPaths = (
			);
			inputPaths = (
				"${PODS_PODFILE_DIR_PATH}/Podfile.lock",
				"${PODS_ROOT}/Manifest.lock",
			);
			name = "[CP] Check Pods Manifest.lock";
			outputFileListPaths = (
			);
			outputPaths = (
				"$(DERIVED_FILE_DIR)/Pods-MyHealthAppTests-checkManifestLockResult.txt",
			);
			runOnlyForDeploymentPostprocessing = 0;
			shellPath = /bin/sh;
			shellScript = "diff \"${PODS_PODFILE_DIR_PATH}/Podfile.lock\" \"${PODS_ROOT}/Manifest.lock\" > /dev/null\nif [ $? != 0 ] ; then\n    # print error to STDERR\n    echo \"error: The sandbox is not in sync with the Podfile.lock. Run 'pod install' or update your CocoaPods installation.\" >&2\n    exit 1\nfi\n# This output is used by Xcode 'outputs' to avoid re-running this script phase.\necho \"SUCCESS\" > \"${SCRIPT_OUTPUT_FILE_0}\"\n";
			showEnvVarsInLog = 0;
		};
		4B0DF50663498A8A06D549D9 /* [CP] Check Pods Manifest.lock */ = {
			isa = PBXShellScriptBuildPhase;
			buildActionMask = 2147483647;
			files = (
			);
			inputFileListPaths = (
			);
			inputPaths = (
				"${PODS_PODFILE_DIR_PATH}/Podfile.lock",
				"${PODS_ROOT}/Manifest.lock",
			);
			name = "[CP] Check Pods Manifest.lock";
			outputFileListPaths = (
			);
			outputPaths = (
				"$(DERIVED_FILE_DIR)/Pods-MyHealthApp-checkManifestLockResult.txt",
			);
			runOnlyForDeploymentPostprocessing = 0;
			shellPath = /bin/sh;
			shellScript = "diff \"${PODS_PODFILE_DIR_PATH}/Podfile.lock\" \"${PODS_ROOT}/Manifest.lock\" > /dev/null\nif [ $? != 0 ] ; then\n    # print error to STDERR\n    echo \"error: The sandbox is not in sync with the Podfile.lock. Run 'pod install' or update your CocoaPods installation.\" >&2\n    exit 1\nfi\n# This output is used by Xcode 'outputs' to avoid re-running this script phase.\necho \"SUCCESS\" > \"${SCRIPT_OUTPUT_FILE_0}\"\n";
			showEnvVarsInLog = 0;
		};
		AFCFBAC37E85532BD01CF4A9 /* [CP] Embed Pods Frameworks */ = {
			isa = PBXShellScriptBuildPhase;
			buildActionMask = 2147483647;
			files = (
			);
			inputFileListPaths = (
				"${PODS_ROOT}/Target Support Files/Pods-MyHealthApp/Pods-MyHealthApp-frameworks-${CONFIGURATION}-input-files.xcfilelist",
			);
			name = "[CP] Embed Pods Frameworks";
			outputFileListPaths = (
				"${PODS_ROOT}/Target Support Files/Pods-MyHealthApp/Pods-MyHealthApp-frameworks-${CONFIGURATION}-output-files.xcfilelist",
			);
			runOnlyForDeploymentPostprocessing = 0;
			shellPath = /bin/sh;
			shellScript = "\"${PODS_ROOT}/Target Support Files/Pods-MyHealthApp/Pods-MyHealthApp-frameworks.sh\"\n";
			showEnvVarsInLog = 0;
		};
/* End PBXShellScriptBuildPhase section */

/* Begin PBXSourcesBuildPhase section */
		6A645710230DEFBE009055F5 /* Sources */ = {
			isa = PBXSourcesBuildPhase;
			buildActionMask = 2147483647;
			files = (
				6ACBD32D234A88F9004C7D61 /* Specialty.swift in Sources */,
				6ACCB16F232EAF280060A340 /* LoginViewController.swift in Sources */,
				6ACCB163232EAD040060A340 /* HomeService.swift in Sources */,
				6AEDE206234AC94100BDE107 /* MyAccountPresenter.swift in Sources */,
				6ACCB17C232EC23B0060A340 /* HealthProvider.swift in Sources */,
				6ACCB161232EAD040060A340 /* ViewController.swift in Sources */,
				6ACCB15E232EAD040060A340 /* AppDelegate.swift in Sources */,
				6A76FC9723396BF3005BBF75 /* InputValidator.swift in Sources */,
				6ACBD337234A95AE004C7D61 /* MyHealthAppActivityIndicator.swift in Sources */,
				6A76FC9D23396C39005BBF75 /* IdValidator.swift in Sources */,
				6ACCB172232EB1E70060A340 /* LoginPresenter.swift in Sources */,
				6AEDE201234AC91200BDE107 /* MyAccountViewController.swift in Sources */,
				6ACCB15D232EAD040060A340 /* HomePresenter.swift in Sources */,
				6ACBD32F234A8BB7004C7D61 /* Specialities.swift in Sources */,
				6ACCB167232EAD040060A340 /* LoginRemoteService.swift in Sources */,
				6ACCB179232EC01C0060A340 /* User.swift in Sources */,
				6ACBD346234AC868004C7D61 /* MyAccountRouter.swift in Sources */,
				6ACBD32B234A7DD4004C7D61 /* HomeRouter.swift in Sources */,
				6AEDE210234ADBAC00BDE107 /* MyAuthorizationsViewController.swift in Sources */,
				6ACCB183232FFEF40060A340 /* RegisterViewController.swift in Sources */,
				6A76FC9823396BF3005BBF75 /* EmailInputValidator.swift in Sources */,
				6A76FC9F23396C63005BBF75 /* NameValidator.swift in Sources */,
				6A3B39A7233C3280009A891A /* VDPViewController.swift in Sources */,
				6A76FC9023394B0A005BBF75 /* RegisterPresenter.swift in Sources */,
				6ACCB176232EBB3A0060A340 /* LoginRouter.swift in Sources */,
				6AEDE20D234ADB4600BDE107 /* MyAuthorizationsRouter.swift in Sources */,
				6ACCB168232EAD040060A340 /* Service.swift in Sources */,
				6AEDE215234ADC4400BDE107 /* MyAuthorizationsService.swift in Sources */,
				6ACCB180232ECD590060A340 /* RegisterRouter.swift in Sources */,
				6ACBD33F234AB39A004C7D61 /* VDPRouter.swift in Sources */,
				6ACBD333234A921E004C7D61 /* VDPService.swift in Sources */,
				6A3B39AA233C3292009A891A /* VDPPresenter.swift in Sources */,
				6ACBD339234AA714004C7D61 /* CurrentUser.swift in Sources */,
				6AEDE213234ADC1A00BDE107 /* MyAuthorizationsPresenter.swift in Sources */,
				6ACBD335234A9249004C7D61 /* Authorization.swift in Sources */,
				6A76FC9923396BF3005BBF75 /* PasswordInputValidator.swift in Sources */,
				6ACCB160232EAD040060A340 /* HomeViewController.swift in Sources */,
			);
			runOnlyForDeploymentPostprocessing = 0;
		};
		6A645724230DEFBF009055F5 /* Sources */ = {
			isa = PBXSourcesBuildPhase;
			buildActionMask = 2147483647;
			files = (
				6A64572D230DEFBF009055F5 /* candfTests.swift in Sources */,
			);
			runOnlyForDeploymentPostprocessing = 0;
		};
/* End PBXSourcesBuildPhase section */

/* Begin PBXTargetDependency section */
		6A64572A230DEFBF009055F5 /* PBXTargetDependency */ = {
			isa = PBXTargetDependency;
			target = 6A645713230DEFBE009055F5 /* MyHealthApp */;
			targetProxy = 6A645729230DEFBF009055F5 /* PBXContainerItemProxy */;
		};
/* End PBXTargetDependency section */

/* Begin PBXVariantGroup section */
		6ACCB140232EAD040060A340 /* LaunchScreen.storyboard */ = {
			isa = PBXVariantGroup;
			children = (
				6ACCB141232EAD040060A340 /* Base */,
			);
			name = LaunchScreen.storyboard;
			sourceTree = "<group>";
		};
/* End PBXVariantGroup section */

/* Begin XCBuildConfiguration section */
		6A64572F230DEFBF009055F5 /* Debug */ = {
			isa = XCBuildConfiguration;
			buildSettings = {
				ALWAYS_SEARCH_USER_PATHS = NO;
				CLANG_ANALYZER_NONNULL = YES;
				CLANG_ANALYZER_NUMBER_OBJECT_CONVERSION = YES_AGGRESSIVE;
				CLANG_CXX_LANGUAGE_STANDARD = "gnu++14";
				CLANG_CXX_LIBRARY = "libc++";
				CLANG_ENABLE_MODULES = YES;
				CLANG_ENABLE_OBJC_ARC = YES;
				CLANG_ENABLE_OBJC_WEAK = YES;
				CLANG_WARN_BLOCK_CAPTURE_AUTORELEASING = YES;
				CLANG_WARN_BOOL_CONVERSION = YES;
				CLANG_WARN_COMMA = YES;
				CLANG_WARN_CONSTANT_CONVERSION = YES;
				CLANG_WARN_DEPRECATED_OBJC_IMPLEMENTATIONS = YES;
				CLANG_WARN_DIRECT_OBJC_ISA_USAGE = YES_ERROR;
				CLANG_WARN_DOCUMENTATION_COMMENTS = YES;
				CLANG_WARN_EMPTY_BODY = YES;
				CLANG_WARN_ENUM_CONVERSION = YES;
				CLANG_WARN_INFINITE_RECURSION = YES;
				CLANG_WARN_INT_CONVERSION = YES;
				CLANG_WARN_NON_LITERAL_NULL_CONVERSION = YES;
				CLANG_WARN_OBJC_IMPLICIT_RETAIN_SELF = YES;
				CLANG_WARN_OBJC_LITERAL_CONVERSION = YES;
				CLANG_WARN_OBJC_ROOT_CLASS = YES_ERROR;
				CLANG_WARN_RANGE_LOOP_ANALYSIS = YES;
				CLANG_WARN_STRICT_PROTOTYPES = YES;
				CLANG_WARN_SUSPICIOUS_MOVE = YES;
				CLANG_WARN_UNGUARDED_AVAILABILITY = YES_AGGRESSIVE;
				CLANG_WARN_UNREACHABLE_CODE = YES;
				CLANG_WARN__DUPLICATE_METHOD_MATCH = YES;
				CODE_SIGN_IDENTITY = "iPhone Developer";
				COPY_PHASE_STRIP = NO;
				DEBUG_INFORMATION_FORMAT = dwarf;
				ENABLE_STRICT_OBJC_MSGSEND = YES;
				ENABLE_TESTABILITY = YES;
				GCC_C_LANGUAGE_STANDARD = gnu11;
				GCC_DYNAMIC_NO_PIC = NO;
				GCC_NO_COMMON_BLOCKS = YES;
				GCC_OPTIMIZATION_LEVEL = 0;
				GCC_PREPROCESSOR_DEFINITIONS = (
					"DEBUG=1",
					"$(inherited)",
				);
				GCC_WARN_64_TO_32_BIT_CONVERSION = YES;
				GCC_WARN_ABOUT_RETURN_TYPE = YES_ERROR;
				GCC_WARN_UNDECLARED_SELECTOR = YES;
				GCC_WARN_UNINITIALIZED_AUTOS = YES_AGGRESSIVE;
				GCC_WARN_UNUSED_FUNCTION = YES;
				GCC_WARN_UNUSED_VARIABLE = YES;
				IPHONEOS_DEPLOYMENT_TARGET = 12.4;
				MTL_ENABLE_DEBUG_INFO = INCLUDE_SOURCE;
				MTL_FAST_MATH = YES;
				ONLY_ACTIVE_ARCH = YES;
				SDKROOT = iphoneos;
				SWIFT_ACTIVE_COMPILATION_CONDITIONS = DEBUG;
				SWIFT_OPTIMIZATION_LEVEL = "-Onone";
			};
			name = Debug;
		};
		6A645730230DEFBF009055F5 /* Release */ = {
			isa = XCBuildConfiguration;
			buildSettings = {
				ALWAYS_SEARCH_USER_PATHS = NO;
				CLANG_ANALYZER_NONNULL = YES;
				CLANG_ANALYZER_NUMBER_OBJECT_CONVERSION = YES_AGGRESSIVE;
				CLANG_CXX_LANGUAGE_STANDARD = "gnu++14";
				CLANG_CXX_LIBRARY = "libc++";
				CLANG_ENABLE_MODULES = YES;
				CLANG_ENABLE_OBJC_ARC = YES;
				CLANG_ENABLE_OBJC_WEAK = YES;
				CLANG_WARN_BLOCK_CAPTURE_AUTORELEASING = YES;
				CLANG_WARN_BOOL_CONVERSION = YES;
				CLANG_WARN_COMMA = YES;
				CLANG_WARN_CONSTANT_CONVERSION = YES;
				CLANG_WARN_DEPRECATED_OBJC_IMPLEMENTATIONS = YES;
				CLANG_WARN_DIRECT_OBJC_ISA_USAGE = YES_ERROR;
				CLANG_WARN_DOCUMENTATION_COMMENTS = YES;
				CLANG_WARN_EMPTY_BODY = YES;
				CLANG_WARN_ENUM_CONVERSION = YES;
				CLANG_WARN_INFINITE_RECURSION = YES;
				CLANG_WARN_INT_CONVERSION = YES;
				CLANG_WARN_NON_LITERAL_NULL_CONVERSION = YES;
				CLANG_WARN_OBJC_IMPLICIT_RETAIN_SELF = YES;
				CLANG_WARN_OBJC_LITERAL_CONVERSION = YES;
				CLANG_WARN_OBJC_ROOT_CLASS = YES_ERROR;
				CLANG_WARN_RANGE_LOOP_ANALYSIS = YES;
				CLANG_WARN_STRICT_PROTOTYPES = YES;
				CLANG_WARN_SUSPICIOUS_MOVE = YES;
				CLANG_WARN_UNGUARDED_AVAILABILITY = YES_AGGRESSIVE;
				CLANG_WARN_UNREACHABLE_CODE = YES;
				CLANG_WARN__DUPLICATE_METHOD_MATCH = YES;
				CODE_SIGN_IDENTITY = "iPhone Developer";
				COPY_PHASE_STRIP = NO;
				DEBUG_INFORMATION_FORMAT = "dwarf-with-dsym";
				ENABLE_NS_ASSERTIONS = NO;
				ENABLE_STRICT_OBJC_MSGSEND = YES;
				GCC_C_LANGUAGE_STANDARD = gnu11;
				GCC_NO_COMMON_BLOCKS = YES;
				GCC_WARN_64_TO_32_BIT_CONVERSION = YES;
				GCC_WARN_ABOUT_RETURN_TYPE = YES_ERROR;
				GCC_WARN_UNDECLARED_SELECTOR = YES;
				GCC_WARN_UNINITIALIZED_AUTOS = YES_AGGRESSIVE;
				GCC_WARN_UNUSED_FUNCTION = YES;
				GCC_WARN_UNUSED_VARIABLE = YES;
				IPHONEOS_DEPLOYMENT_TARGET = 12.4;
				MTL_ENABLE_DEBUG_INFO = NO;
				MTL_FAST_MATH = YES;
				SDKROOT = iphoneos;
				SWIFT_COMPILATION_MODE = wholemodule;
				SWIFT_OPTIMIZATION_LEVEL = "-O";
				VALIDATE_PRODUCT = YES;
			};
			name = Release;
		};
		6A645732230DEFBF009055F5 /* Debug */ = {
			isa = XCBuildConfiguration;
			baseConfigurationReference = FF80B0B98BA7987742F173E4 /* Pods-MyHealthApp.debug.xcconfig */;
			buildSettings = {
				ASSETCATALOG_COMPILER_APPICON_NAME = AppIcon;
				CODE_SIGN_STYLE = Automatic;
				DEVELOPMENT_TEAM = JS3J3XY589;
				INFOPLIST_FILE = "$(SRCROOT)/MyHealthApp/Info.plist";
				LD_RUNPATH_SEARCH_PATHS = (
					"$(inherited)",
					"@executable_path/Frameworks",
				);
				PRODUCT_BUNDLE_IDENTIFIER = com.myhealthapp.myhealthapp;
				PRODUCT_NAME = "$(TARGET_NAME)";
				SWIFT_VERSION = 5.0;
				TARGETED_DEVICE_FAMILY = "1,2";
			};
			name = Debug;
		};
		6A645733230DEFBF009055F5 /* Release */ = {
			isa = XCBuildConfiguration;
			baseConfigurationReference = 5623F511A5808B42C20BC011 /* Pods-MyHealthApp.release.xcconfig */;
			buildSettings = {
				ASSETCATALOG_COMPILER_APPICON_NAME = AppIcon;
				CODE_SIGN_STYLE = Automatic;
				DEVELOPMENT_TEAM = JS3J3XY589;
				INFOPLIST_FILE = "$(SRCROOT)/MyHealthApp/Info.plist";
				LD_RUNPATH_SEARCH_PATHS = (
					"$(inherited)",
					"@executable_path/Frameworks",
				);
				PRODUCT_BUNDLE_IDENTIFIER = com.myhealthapp.myhealthapp;
				PRODUCT_NAME = "$(TARGET_NAME)";
				SWIFT_VERSION = 5.0;
				TARGETED_DEVICE_FAMILY = "1,2";
			};
			name = Release;
		};
		6A645735230DEFBF009055F5 /* Debug */ = {
			isa = XCBuildConfiguration;
			baseConfigurationReference = 830B7DF8966EFD2063A0CDCF /* Pods-MyHealthAppTests.debug.xcconfig */;
			buildSettings = {
				ALWAYS_EMBED_SWIFT_STANDARD_LIBRARIES = YES;
				BUNDLE_LOADER = "$(TEST_HOST)";
				CODE_SIGN_STYLE = Automatic;
				DEVELOPMENT_TEAM = 5RQ456T8XY;
				INFOPLIST_FILE = candfTests/Info.plist;
				LD_RUNPATH_SEARCH_PATHS = (
					"$(inherited)",
					"@executable_path/Frameworks",
					"@loader_path/Frameworks",
				);
				PRODUCT_BUNDLE_IDENTIFIER = com.candf.candfTests;
				PRODUCT_NAME = "$(TARGET_NAME)";
				SWIFT_VERSION = 5.0;
				TARGETED_DEVICE_FAMILY = "1,2";
				TEST_HOST = "$(BUILT_PRODUCTS_DIR)/MyHealthApp.app/MyHealthApp";
			};
			name = Debug;
		};
		6A645736230DEFBF009055F5 /* Release */ = {
			isa = XCBuildConfiguration;
			baseConfigurationReference = 2059559F5A17869CE123F565 /* Pods-MyHealthAppTests.release.xcconfig */;
			buildSettings = {
				ALWAYS_EMBED_SWIFT_STANDARD_LIBRARIES = YES;
				BUNDLE_LOADER = "$(TEST_HOST)";
				CODE_SIGN_STYLE = Automatic;
				DEVELOPMENT_TEAM = 5RQ456T8XY;
				INFOPLIST_FILE = candfTests/Info.plist;
				LD_RUNPATH_SEARCH_PATHS = (
					"$(inherited)",
					"@executable_path/Frameworks",
					"@loader_path/Frameworks",
				);
				PRODUCT_BUNDLE_IDENTIFIER = com.candf.candfTests;
				PRODUCT_NAME = "$(TARGET_NAME)";
				SWIFT_VERSION = 5.0;
				TARGETED_DEVICE_FAMILY = "1,2";
				TEST_HOST = "$(BUILT_PRODUCTS_DIR)/MyHealthApp.app/MyHealthApp";
			};
			name = Release;
		};
/* End XCBuildConfiguration section */

/* Begin XCConfigurationList section */
		6A64570F230DEFBE009055F5 /* Build configuration list for PBXProject "MyHealthApp" */ = {
			isa = XCConfigurationList;
			buildConfigurations = (
				6A64572F230DEFBF009055F5 /* Debug */,
				6A645730230DEFBF009055F5 /* Release */,
			);
			defaultConfigurationIsVisible = 0;
			defaultConfigurationName = Release;
		};
		6A645731230DEFBF009055F5 /* Build configuration list for PBXNativeTarget "MyHealthApp" */ = {
			isa = XCConfigurationList;
			buildConfigurations = (
				6A645732230DEFBF009055F5 /* Debug */,
				6A645733230DEFBF009055F5 /* Release */,
			);
			defaultConfigurationIsVisible = 0;
			defaultConfigurationName = Release;
		};
		6A645734230DEFBF009055F5 /* Build configuration list for PBXNativeTarget "MyHealthAppTests" */ = {
			isa = XCConfigurationList;
			buildConfigurations = (
				6A645735230DEFBF009055F5 /* Debug */,
				6A645736230DEFBF009055F5 /* Release */,
			);
			defaultConfigurationIsVisible = 0;
			defaultConfigurationName = Release;
		};
/* End XCConfigurationList section */
	};
	rootObject = 6A64570C230DEFBE009055F5 /* Project object */;
}
